// !$*UTF8*$!
{
	archiveVersion = 1;
	classes = {
	};
	objectVersion = 50;
	objects = {

/* Begin PBXBuildFile section */
		9B165EF22454DF9700F63C34 /* Configurations.storyboard in Resources */ = {isa = PBXBuildFile; fileRef = 9B165EF12454DF9700F63C34 /* Configurations.storyboard */; };
		9B165EF62454E81A00F63C34 /* ConfugurationsViewController.swift in Sources */ = {isa = PBXBuildFile; fileRef = 9B165EF52454E81A00F63C34 /* ConfugurationsViewController.swift */; };
		9B5812A8244B7A9D00384E70 /* AppDelegate.swift in Sources */ = {isa = PBXBuildFile; fileRef = 9B5812A7244B7A9D00384E70 /* AppDelegate.swift */; };
		9B5812AA244B7A9D00384E70 /* SceneDelegate.swift in Sources */ = {isa = PBXBuildFile; fileRef = 9B5812A9244B7A9D00384E70 /* SceneDelegate.swift */; };
		9B5812B1244B7A9F00384E70 /* Assets.xcassets in Resources */ = {isa = PBXBuildFile; fileRef = 9B5812B0244B7A9F00384E70 /* Assets.xcassets */; };
		9B5812B4244B7A9F00384E70 /* LaunchScreen.storyboard in Resources */ = {isa = PBXBuildFile; fileRef = 9B5812B2244B7A9F00384E70 /* LaunchScreen.storyboard */; };
		9B5812BF244B7A9F00384E70 /* ChaDaTardeTests.swift in Sources */ = {isa = PBXBuildFile; fileRef = 9B5812BE244B7A9F00384E70 /* ChaDaTardeTests.swift */; };
		9B5812CA244B7A9F00384E70 /* ChaDaTardeUITests.swift in Sources */ = {isa = PBXBuildFile; fileRef = 9B5812C9244B7A9F00384E70 /* ChaDaTardeUITests.swift */; };
		9B5812DD244B7C0A00384E70 /* TimerTea.storyboard in Resources */ = {isa = PBXBuildFile; fileRef = 9B5812DC244B7C0A00384E70 /* TimerTea.storyboard */; };
		9B5812E1244B876B00384E70 /* TimerTeaViewController.swift in Sources */ = {isa = PBXBuildFile; fileRef = 9B5812E0244B876B00384E70 /* TimerTeaViewController.swift */; };
/* End PBXBuildFile section */

/* Begin PBXContainerItemProxy section */
		9B5812BB244B7A9F00384E70 /* PBXContainerItemProxy */ = {
			isa = PBXContainerItemProxy;
			containerPortal = 9B58129C244B7A9D00384E70 /* Project object */;
			proxyType = 1;
			remoteGlobalIDString = 9B5812A3244B7A9D00384E70;
			remoteInfo = ChaDaTarde;
		};
		9B5812C6244B7A9F00384E70 /* PBXContainerItemProxy */ = {
			isa = PBXContainerItemProxy;
			containerPortal = 9B58129C244B7A9D00384E70 /* Project object */;
			proxyType = 1;
			remoteGlobalIDString = 9B5812A3244B7A9D00384E70;
			remoteInfo = ChaDaTarde;
		};
/* End PBXContainerItemProxy section */

/* Begin PBXFileReference section */
		9B165EF12454DF9700F63C34 /* Configurations.storyboard */ = {isa = PBXFileReference; lastKnownFileType = file.storyboard; path = Configurations.storyboard; sourceTree = "<group>"; };
		9B165EF52454E81A00F63C34 /* ConfugurationsViewController.swift */ = {isa = PBXFileReference; lastKnownFileType = sourcecode.swift; path = ConfugurationsViewController.swift; sourceTree = "<group>"; };
		9B5812A4244B7A9D00384E70 /* ChaDaTarde.app */ = {isa = PBXFileReference; explicitFileType = wrapper.application; includeInIndex = 0; path = ChaDaTarde.app; sourceTree = BUILT_PRODUCTS_DIR; };
		9B5812A7244B7A9D00384E70 /* AppDelegate.swift */ = {isa = PBXFileReference; lastKnownFileType = sourcecode.swift; path = AppDelegate.swift; sourceTree = "<group>"; };
		9B5812A9244B7A9D00384E70 /* SceneDelegate.swift */ = {isa = PBXFileReference; lastKnownFileType = sourcecode.swift; path = SceneDelegate.swift; sourceTree = "<group>"; };
		9B5812B0244B7A9F00384E70 /* Assets.xcassets */ = {isa = PBXFileReference; lastKnownFileType = folder.assetcatalog; path = Assets.xcassets; sourceTree = "<group>"; };
		9B5812B3244B7A9F00384E70 /* Base */ = {isa = PBXFileReference; lastKnownFileType = file.storyboard; name = Base; path = Base.lproj/LaunchScreen.storyboard; sourceTree = "<group>"; };
		9B5812B5244B7A9F00384E70 /* Info.plist */ = {isa = PBXFileReference; lastKnownFileType = text.plist.xml; path = Info.plist; sourceTree = "<group>"; };
		9B5812BA244B7A9F00384E70 /* ChaDaTardeTests.xctest */ = {isa = PBXFileReference; explicitFileType = wrapper.cfbundle; includeInIndex = 0; path = ChaDaTardeTests.xctest; sourceTree = BUILT_PRODUCTS_DIR; };
		9B5812BE244B7A9F00384E70 /* ChaDaTardeTests.swift */ = {isa = PBXFileReference; lastKnownFileType = sourcecode.swift; path = ChaDaTardeTests.swift; sourceTree = "<group>"; };
		9B5812C0244B7A9F00384E70 /* Info.plist */ = {isa = PBXFileReference; lastKnownFileType = text.plist.xml; path = Info.plist; sourceTree = "<group>"; };
		9B5812C5244B7A9F00384E70 /* ChaDaTardeUITests.xctest */ = {isa = PBXFileReference; explicitFileType = wrapper.cfbundle; includeInIndex = 0; path = ChaDaTardeUITests.xctest; sourceTree = BUILT_PRODUCTS_DIR; };
		9B5812C9244B7A9F00384E70 /* ChaDaTardeUITests.swift */ = {isa = PBXFileReference; lastKnownFileType = sourcecode.swift; path = ChaDaTardeUITests.swift; sourceTree = "<group>"; };
		9B5812CB244B7A9F00384E70 /* Info.plist */ = {isa = PBXFileReference; lastKnownFileType = text.plist.xml; path = Info.plist; sourceTree = "<group>"; };
		9B5812DC244B7C0A00384E70 /* TimerTea.storyboard */ = {isa = PBXFileReference; lastKnownFileType = file.storyboard; path = TimerTea.storyboard; sourceTree = "<group>"; };
		9B5812E0244B876B00384E70 /* TimerTeaViewController.swift */ = {isa = PBXFileReference; lastKnownFileType = sourcecode.swift; path = TimerTeaViewController.swift; sourceTree = "<group>"; };
/* End PBXFileReference section */

/* Begin PBXFrameworksBuildPhase section */
		9B5812A1244B7A9D00384E70 /* Frameworks */ = {
			isa = PBXFrameworksBuildPhase;
			buildActionMask = 2147483647;
			files = (
			);
			runOnlyForDeploymentPostprocessing = 0;
		};
		9B5812B7244B7A9F00384E70 /* Frameworks */ = {
			isa = PBXFrameworksBuildPhase;
			buildActionMask = 2147483647;
			files = (
			);
			runOnlyForDeploymentPostprocessing = 0;
		};
		9B5812C2244B7A9F00384E70 /* Frameworks */ = {
			isa = PBXFrameworksBuildPhase;
			buildActionMask = 2147483647;
			files = (
			);
			runOnlyForDeploymentPostprocessing = 0;
		};
/* End PBXFrameworksBuildPhase section */

/* Begin PBXGroup section */
		9B58129B244B7A9D00384E70 = {
			isa = PBXGroup;
			children = (
				9B5812A6244B7A9D00384E70 /* ChaDaTarde */,
				9B5812BD244B7A9F00384E70 /* ChaDaTardeTests */,
				9B5812C8244B7A9F00384E70 /* ChaDaTardeUITests */,
				9B5812A5244B7A9D00384E70 /* Products */,
			);
			sourceTree = "<group>";
		};
		9B5812A5244B7A9D00384E70 /* Products */ = {
			isa = PBXGroup;
			children = (
				9B5812A4244B7A9D00384E70 /* ChaDaTarde.app */,
				9B5812BA244B7A9F00384E70 /* ChaDaTardeTests.xctest */,
				9B5812C5244B7A9F00384E70 /* ChaDaTardeUITests.xctest */,
			);
			name = Products;
			sourceTree = "<group>";
		};
		9B5812A6244B7A9D00384E70 /* ChaDaTarde */ = {
			isa = PBXGroup;
			children = (
				9B5812D9244B7B4800384E70 /* View */,
				9B5812D8244B7B4100384E70 /* Controller */,
				9B5812D7244B7B3600384E70 /* Model */,
				9B5812A7244B7A9D00384E70 /* AppDelegate.swift */,
				9B5812A9244B7A9D00384E70 /* SceneDelegate.swift */,
				9B5812B0244B7A9F00384E70 /* Assets.xcassets */,
				9B5812B2244B7A9F00384E70 /* LaunchScreen.storyboard */,
				9B5812B5244B7A9F00384E70 /* Info.plist */,
			);
			path = ChaDaTarde;
			sourceTree = "<group>";
		};
		9B5812BD244B7A9F00384E70 /* ChaDaTardeTests */ = {
			isa = PBXGroup;
			children = (
				9B5812BE244B7A9F00384E70 /* ChaDaTardeTests.swift */,
				9B5812C0244B7A9F00384E70 /* Info.plist */,
			);
			path = ChaDaTardeTests;
			sourceTree = "<group>";
		};
		9B5812C8244B7A9F00384E70 /* ChaDaTardeUITests */ = {
			isa = PBXGroup;
			children = (
				9B5812C9244B7A9F00384E70 /* ChaDaTardeUITests.swift */,
				9B5812CB244B7A9F00384E70 /* Info.plist */,
			);
			path = ChaDaTardeUITests;
			sourceTree = "<group>";
		};
		9B5812D7244B7B3600384E70 /* Model */ = {
			isa = PBXGroup;
			children = (
			);
			path = Model;
			sourceTree = "<group>";
		};
		9B5812D8244B7B4100384E70 /* Controller */ = {
			isa = PBXGroup;
			children = (
				9B5812E0244B876B00384E70 /* TimerTeaViewController.swift */,
				9B165EF52454E81A00F63C34 /* ConfugurationsViewController.swift */,
			);
			path = Controller;
			sourceTree = "<group>";
		};
		9B5812D9244B7B4800384E70 /* View */ = {
			isa = PBXGroup;
			children = (
				9B5812DC244B7C0A00384E70 /* TimerTea.storyboard */,
				9B165EF12454DF9700F63C34 /* Configurations.storyboard */,
			);
			path = View;
			sourceTree = "<group>";
		};
/* End PBXGroup section */

/* Begin PBXNativeTarget section */
		9B5812A3244B7A9D00384E70 /* ChaDaTarde */ = {
			isa = PBXNativeTarget;
			buildConfigurationList = 9B5812CE244B7A9F00384E70 /* Build configuration list for PBXNativeTarget "ChaDaTarde" */;
			buildPhases = (
				9B5812A0244B7A9D00384E70 /* Sources */,
				9B5812A1244B7A9D00384E70 /* Frameworks */,
				9B5812A2244B7A9D00384E70 /* Resources */,
			);
			buildRules = (
			);
			dependencies = (
			);
			name = ChaDaTarde;
			productName = ChaDaTarde;
			productReference = 9B5812A4244B7A9D00384E70 /* ChaDaTarde.app */;
			productType = "com.apple.product-type.application";
		};
		9B5812B9244B7A9F00384E70 /* ChaDaTardeTests */ = {
			isa = PBXNativeTarget;
			buildConfigurationList = 9B5812D1244B7A9F00384E70 /* Build configuration list for PBXNativeTarget "ChaDaTardeTests" */;
			buildPhases = (
				9B5812B6244B7A9F00384E70 /* Sources */,
				9B5812B7244B7A9F00384E70 /* Frameworks */,
				9B5812B8244B7A9F00384E70 /* Resources */,
			);
			buildRules = (
			);
			dependencies = (
				9B5812BC244B7A9F00384E70 /* PBXTargetDependency */,
			);
			name = ChaDaTardeTests;
			productName = ChaDaTardeTests;
			productReference = 9B5812BA244B7A9F00384E70 /* ChaDaTardeTests.xctest */;
			productType = "com.apple.product-type.bundle.unit-test";
		};
		9B5812C4244B7A9F00384E70 /* ChaDaTardeUITests */ = {
			isa = PBXNativeTarget;
			buildConfigurationList = 9B5812D4244B7A9F00384E70 /* Build configuration list for PBXNativeTarget "ChaDaTardeUITests" */;
			buildPhases = (
				9B5812C1244B7A9F00384E70 /* Sources */,
				9B5812C2244B7A9F00384E70 /* Frameworks */,
				9B5812C3244B7A9F00384E70 /* Resources */,
			);
			buildRules = (
			);
			dependencies = (
				9B5812C7244B7A9F00384E70 /* PBXTargetDependency */,
			);
			name = ChaDaTardeUITests;
			productName = ChaDaTardeUITests;
			productReference = 9B5812C5244B7A9F00384E70 /* ChaDaTardeUITests.xctest */;
			productType = "com.apple.product-type.bundle.ui-testing";
		};
/* End PBXNativeTarget section */

/* Begin PBXProject section */
		9B58129C244B7A9D00384E70 /* Project object */ = {
			isa = PBXProject;
			attributes = {
				LastSwiftUpdateCheck = 1130;
				LastUpgradeCheck = 1130;
				ORGANIZATIONNAME = "Jose Joao Silva Nunes Alves";
				TargetAttributes = {
					9B5812A3244B7A9D00384E70 = {
						CreatedOnToolsVersion = 11.3.1;
					};
					9B5812B9244B7A9F00384E70 = {
						CreatedOnToolsVersion = 11.3.1;
						TestTargetID = 9B5812A3244B7A9D00384E70;
					};
					9B5812C4244B7A9F00384E70 = {
						CreatedOnToolsVersion = 11.3.1;
						TestTargetID = 9B5812A3244B7A9D00384E70;
					};
				};
			};
			buildConfigurationList = 9B58129F244B7A9D00384E70 /* Build configuration list for PBXProject "ChaDaTarde" */;
			compatibilityVersion = "Xcode 9.3";
			developmentRegion = en;
			hasScannedForEncodings = 0;
			knownRegions = (
				en,
				Base,
			);
			mainGroup = 9B58129B244B7A9D00384E70;
			productRefGroup = 9B5812A5244B7A9D00384E70 /* Products */;
			projectDirPath = "";
			projectRoot = "";
			targets = (
				9B5812A3244B7A9D00384E70 /* ChaDaTarde */,
				9B5812B9244B7A9F00384E70 /* ChaDaTardeTests */,
				9B5812C4244B7A9F00384E70 /* ChaDaTardeUITests */,
			);
		};
/* End PBXProject section */

/* Begin PBXResourcesBuildPhase section */
		9B5812A2244B7A9D00384E70 /* Resources */ = {
			isa = PBXResourcesBuildPhase;
			buildActionMask = 2147483647;
			files = (
				9B5812DD244B7C0A00384E70 /* TimerTea.storyboard in Resources */,
				9B5812B4244B7A9F00384E70 /* LaunchScreen.storyboard in Resources */,
				9B165EF22454DF9700F63C34 /* Configurations.storyboard in Resources */,
				9B5812B1244B7A9F00384E70 /* Assets.xcassets in Resources */,
			);
			runOnlyForDeploymentPostprocessing = 0;
		};
		9B5812B8244B7A9F00384E70 /* Resources */ = {
			isa = PBXResourcesBuildPhase;
			buildActionMask = 2147483647;
			files = (
			);
			runOnlyForDeploymentPostprocessing = 0;
		};
		9B5812C3244B7A9F00384E70 /* Resources */ = {
			isa = PBXResourcesBuildPhase;
			buildActionMask = 2147483647;
			files = (
			);
			runOnlyForDeploymentPostprocessing = 0;
		};
/* End PBXResourcesBuildPhase section */

/* Begin PBXSourcesBuildPhase section */
		9B5812A0244B7A9D00384E70 /* Sources */ = {
			isa = PBXSourcesBuildPhase;
			buildActionMask = 2147483647;
			files = (
				9B5812A8244B7A9D00384E70 /* AppDelegate.swift in Sources */,
				9B5812E1244B876B00384E70 /* TimerTeaViewController.swift in Sources */,
				9B5812AA244B7A9D00384E70 /* SceneDelegate.swift in Sources */,
				9B165EF62454E81A00F63C34 /* ConfugurationsViewController.swift in Sources */,
			);
			runOnlyForDeploymentPostprocessing = 0;
		};
		9B5812B6244B7A9F00384E70 /* Sources */ = {
			isa = PBXSourcesBuildPhase;
			buildActionMask = 2147483647;
			files = (
				9B5812BF244B7A9F00384E70 /* ChaDaTardeTests.swift in Sources */,
			);
			runOnlyForDeploymentPostprocessing = 0;
		};
		9B5812C1244B7A9F00384E70 /* Sources */ = {
			isa = PBXSourcesBuildPhase;
			buildActionMask = 2147483647;
			files = (
				9B5812CA244B7A9F00384E70 /* ChaDaTardeUITests.swift in Sources */,
			);
			runOnlyForDeploymentPostprocessing = 0;
		};
/* End PBXSourcesBuildPhase section */

/* Begin PBXTargetDependency section */
		9B5812BC244B7A9F00384E70 /* PBXTargetDependency */ = {
			isa = PBXTargetDependency;
			target = 9B5812A3244B7A9D00384E70 /* ChaDaTarde */;
			targetProxy = 9B5812BB244B7A9F00384E70 /* PBXContainerItemProxy */;
		};
		9B5812C7244B7A9F00384E70 /* PBXTargetDependency */ = {
			isa = PBXTargetDependency;
			target = 9B5812A3244B7A9D00384E70 /* ChaDaTarde */;
			targetProxy = 9B5812C6244B7A9F00384E70 /* PBXContainerItemProxy */;
		};
/* End PBXTargetDependency section */

/* Begin PBXVariantGroup section */
		9B5812B2244B7A9F00384E70 /* LaunchScreen.storyboard */ = {
			isa = PBXVariantGroup;
			children = (
				9B5812B3244B7A9F00384E70 /* Base */,
			);
			name = LaunchScreen.storyboard;
			sourceTree = "<group>";
		};
/* End PBXVariantGroup section */

/* Begin XCBuildConfiguration section */
		9B5812CC244B7A9F00384E70 /* Debug */ = {
			isa = XCBuildConfiguration;
			buildSettings = {
				ALWAYS_SEARCH_USER_PATHS = NO;
				CLANG_ANALYZER_NONNULL = YES;
				CLANG_ANALYZER_NUMBER_OBJECT_CONVERSION = YES_AGGRESSIVE;
				CLANG_CXX_LANGUAGE_STANDARD = "gnu++14";
				CLANG_CXX_LIBRARY = "libc++";
				CLANG_ENABLE_MODULES = YES;
				CLANG_ENABLE_OBJC_ARC = YES;
				CLANG_ENABLE_OBJC_WEAK = YES;
				CLANG_WARN_BLOCK_CAPTURE_AUTORELEASING = YES;
				CLANG_WARN_BOOL_CONVERSION = YES;
				CLANG_WARN_COMMA = YES;
				CLANG_WARN_CONSTANT_CONVERSION = YES;
				CLANG_WARN_DEPRECATED_OBJC_IMPLEMENTATIONS = YES;
				CLANG_WARN_DIRECT_OBJC_ISA_USAGE = YES_ERROR;
				CLANG_WARN_DOCUMENTATION_COMMENTS = YES;
				CLANG_WARN_EMPTY_BODY = YES;
				CLANG_WARN_ENUM_CONVERSION = YES;
				CLANG_WARN_INFINITE_RECURSION = YES;
				CLANG_WARN_INT_CONVERSION = YES;
				CLANG_WARN_NON_LITERAL_NULL_CONVERSION = YES;
				CLANG_WARN_OBJC_IMPLICIT_RETAIN_SELF = YES;
				CLANG_WARN_OBJC_LITERAL_CONVERSION = YES;
				CLANG_WARN_OBJC_ROOT_CLASS = YES_ERROR;
				CLANG_WARN_RANGE_LOOP_ANALYSIS = YES;
				CLANG_WARN_STRICT_PROTOTYPES = YES;
				CLANG_WARN_SUSPICIOUS_MOVE = YES;
				CLANG_WARN_UNGUARDED_AVAILABILITY = YES_AGGRESSIVE;
				CLANG_WARN_UNREACHABLE_CODE = YES;
				CLANG_WARN__DUPLICATE_METHOD_MATCH = YES;
				COPY_PHASE_STRIP = NO;
				DEBUG_INFORMATION_FORMAT = dwarf;
				ENABLE_STRICT_OBJC_MSGSEND = YES;
				ENABLE_TESTABILITY = YES;
				GCC_C_LANGUAGE_STANDARD = gnu11;
				GCC_DYNAMIC_NO_PIC = NO;
				GCC_NO_COMMON_BLOCKS = YES;
				GCC_OPTIMIZATION_LEVEL = 0;
				GCC_PREPROCESSOR_DEFINITIONS = (
					"DEBUG=1",
					"$(inherited)",
				);
				GCC_WARN_64_TO_32_BIT_CONVERSION = YES;
				GCC_WARN_ABOUT_RETURN_TYPE = YES_ERROR;
				GCC_WARN_UNDECLARED_SELECTOR = YES;
				GCC_WARN_UNINITIALIZED_AUTOS = YES_AGGRESSIVE;
				GCC_WARN_UNUSED_FUNCTION = YES;
				GCC_WARN_UNUSED_VARIABLE = YES;
				IPHONEOS_DEPLOYMENT_TARGET = 13.2;
				MTL_ENABLE_DEBUG_INFO = INCLUDE_SOURCE;
				MTL_FAST_MATH = YES;
				ONLY_ACTIVE_ARCH = YES;
				SDKROOT = iphoneos;
				SWIFT_ACTIVE_COMPILATION_CONDITIONS = DEBUG;
				SWIFT_OPTIMIZATION_LEVEL = "-Onone";
			};
			name = Debug;
		};
		9B5812CD244B7A9F00384E70 /* Release */ = {
			isa = XCBuildConfiguration;
			buildSettings = {
				ALWAYS_SEARCH_USER_PATHS = NO;
				CLANG_ANALYZER_NONNULL = YES;
				CLANG_ANALYZER_NUMBER_OBJECT_CONVERSION = YES_AGGRESSIVE;
				CLANG_CXX_LANGUAGE_STANDARD = "gnu++14";
				CLANG_CXX_LIBRARY = "libc++";
				CLANG_ENABLE_MODULES = YES;
				CLANG_ENABLE_OBJC_ARC = YES;
				CLANG_ENABLE_OBJC_WEAK = YES;
				CLANG_WARN_BLOCK_CAPTURE_AUTORELEASING = YES;
				CLANG_WARN_BOOL_CONVERSION = YES;
				CLANG_WARN_COMMA = YES;
				CLANG_WARN_CONSTANT_CONVERSION = YES;
				CLANG_WARN_DEPRECATED_OBJC_IMPLEMENTATIONS = YES;
				CLANG_WARN_DIRECT_OBJC_ISA_USAGE = YES_ERROR;
				CLANG_WARN_DOCUMENTATION_COMMENTS = YES;
				CLANG_WARN_EMPTY_BODY = YES;
				CLANG_WARN_ENUM_CONVERSION = YES;
				CLANG_WARN_INFINITE_RECURSION = YES;
				CLANG_WARN_INT_CONVERSION = YES;
				CLANG_WARN_NON_LITERAL_NULL_CONVERSION = YES;
				CLANG_WARN_OBJC_IMPLICIT_RETAIN_SELF = YES;
				CLANG_WARN_OBJC_LITERAL_CONVERSION = YES;
				CLANG_WARN_OBJC_ROOT_CLASS = YES_ERROR;
				CLANG_WARN_RANGE_LOOP_ANALYSIS = YES;
				CLANG_WARN_STRICT_PROTOTYPES = YES;
				CLANG_WARN_SUSPICIOUS_MOVE = YES;
				CLANG_WARN_UNGUARDED_AVAILABILITY = YES_AGGRESSIVE;
				CLANG_WARN_UNREACHABLE_CODE = YES;
				CLANG_WARN__DUPLICATE_METHOD_MATCH = YES;
				COPY_PHASE_STRIP = NO;
				DEBUG_INFORMATION_FORMAT = "dwarf-with-dsym";
				ENABLE_NS_ASSERTIONS = NO;
				ENABLE_STRICT_OBJC_MSGSEND = YES;
				GCC_C_LANGUAGE_STANDARD = gnu11;
				GCC_NO_COMMON_BLOCKS = YES;
				GCC_WARN_64_TO_32_BIT_CONVERSION = YES;
				GCC_WARN_ABOUT_RETURN_TYPE = YES_ERROR;
				GCC_WARN_UNDECLARED_SELECTOR = YES;
				GCC_WARN_UNINITIALIZED_AUTOS = YES_AGGRESSIVE;
				GCC_WARN_UNUSED_FUNCTION = YES;
				GCC_WARN_UNUSED_VARIABLE = YES;
				IPHONEOS_DEPLOYMENT_TARGET = 13.2;
				MTL_ENABLE_DEBUG_INFO = NO;
				MTL_FAST_MATH = YES;
				SDKROOT = iphoneos;
				SWIFT_COMPILATION_MODE = wholemodule;
				SWIFT_OPTIMIZATION_LEVEL = "-O";
				VALIDATE_PRODUCT = YES;
			};
			name = Release;
		};
		9B5812CF244B7A9F00384E70 /* Debug */ = {
			isa = XCBuildConfiguration;
			buildSettings = {
				ASSETCATALOG_COMPILER_APPICON_NAME = AppIcon;
				CODE_SIGN_STYLE = Automatic;
				INFOPLIST_FILE = ChaDaTarde/Info.plist;
				LD_RUNPATH_SEARCH_PATHS = (
					"$(inherited)",
					"@executable_path/Frameworks",
				);
				PRODUCT_BUNDLE_IDENTIFIER = ifce.ChaDaTarde;
				PRODUCT_NAME = "$(TARGET_NAME)";
				SWIFT_VERSION = 5.0;
				TARGETED_DEVICE_FAMILY = "1,2";
			};
			name = Debug;
		};
		9B5812D0244B7A9F00384E70 /* Release */ = {
			isa = XCBuildConfiguration;
			buildSettings = {
				ASSETCATALOG_COMPILER_APPICON_NAME = AppIcon;
				CODE_SIGN_STYLE = Automatic;
				INFOPLIST_FILE = ChaDaTarde/Info.plist;
				LD_RUNPATH_SEARCH_PATHS = (
					"$(inherited)",
					"@executable_path/Frameworks",
				);
				PRODUCT_BUNDLE_IDENTIFIER = ifce.ChaDaTarde;
				PRODUCT_NAME = "$(TARGET_NAME)";
				SWIFT_VERSION = 5.0;
				TARGETED_DEVICE_FAMILY = "1,2";
			};
			name = Release;
		};
		9B5812D2244B7A9F00384E70 /* Debug */ = {
			isa = XCBuildConfiguration;
			buildSettings = {
				ALWAYS_EMBED_SWIFT_STANDARD_LIBRARIES = YES;
				BUNDLE_LOADER = "$(TEST_HOST)";
				CODE_SIGN_STYLE = Automatic;
				INFOPLIST_FILE = ChaDaTardeTests/Info.plist;
				IPHONEOS_DEPLOYMENT_TARGET = 13.2;
				LD_RUNPATH_SEARCH_PATHS = (
					"$(inherited)",
					"@executable_path/Frameworks",
					"@loader_path/Frameworks",
				);
				PRODUCT_BUNDLE_IDENTIFIER = ifce.ChaDaTardeTests;
				PRODUCT_NAME = "$(TARGET_NAME)";
				SWIFT_VERSION = 5.0;
				TARGETED_DEVICE_FAMILY = "1,2";
				TEST_HOST = "$(BUILT_PRODUCTS_DIR)/ChaDaTarde.app/ChaDaTarde";
			};
			name = Debug;
		};
		9B5812D3244B7A9F00384E70 /* Release */ = {
			isa = XCBuildConfiguration;
			buildSettings = {
				ALWAYS_EMBED_SWIFT_STANDARD_LIBRARIES = YES;
				BUNDLE_LOADER = "$(TEST_HOST)";
				CODE_SIGN_STYLE = Automatic;
				INFOPLIST_FILE = ChaDaTardeTests/Info.plist;
				IPHONEOS_DEPLOYMENT_TARGET = 13.2;
				LD_RUNPATH_SEARCH_PATHS = (
					"$(inherited)",
					"@executable_path/Frameworks",
					"@loader_path/Frameworks",
				);
				PRODUCT_BUNDLE_IDENTIFIER = ifce.ChaDaTardeTests;
				PRODUCT_NAME = "$(TARGET_NAME)";
				SWIFT_VERSION = 5.0;
				TARGETED_DEVICE_FAMILY = "1,2";
				TEST_HOST = "$(BUILT_PRODUCTS_DIR)/ChaDaTarde.app/ChaDaTarde";
			};
			name = Release;
		};
		9B5812D5244B7A9F00384E70 /* Debug */ = {
			isa = XCBuildConfiguration;
			buildSettings = {
				ALWAYS_EMBED_SWIFT_STANDARD_LIBRARIES = YES;
				CODE_SIGN_STYLE = Automatic;
				INFOPLIST_FILE = ChaDaTardeUITests/Info.plist;
				LD_RUNPATH_SEARCH_PATHS = (
					"$(inherited)",
					"@executable_path/Frameworks",
					"@loader_path/Frameworks",
				);
				PRODUCT_BUNDLE_IDENTIFIER = ifce.ChaDaTardeUITests;
				PRODUCT_NAME = "$(TARGET_NAME)";
				SWIFT_VERSION = 5.0;
				TARGETED_DEVICE_FAMILY = "1,2";
				TEST_TARGET_NAME = ChaDaTarde;
			};
			name = Debug;
		};
		9B5812D6244B7A9F00384E70 /* Release */ = {
			isa = XCBuildConfiguration;
			buildSettings = {
				ALWAYS_EMBED_SWIFT_STANDARD_LIBRARIES = YES;
				CODE_SIGN_STYLE = Automatic;
				INFOPLIST_FILE = ChaDaTardeUITests/Info.plist;
				LD_RUNPATH_SEARCH_PATHS = (
					"$(inherited)",
					"@executable_path/Frameworks",
					"@loader_path/Frameworks",
				);
				PRODUCT_BUNDLE_IDENTIFIER = ifce.ChaDaTardeUITests;
				PRODUCT_NAME = "$(TARGET_NAME)";
				SWIFT_VERSION = 5.0;
				TARGETED_DEVICE_FAMILY = "1,2";
				TEST_TARGET_NAME = ChaDaTarde;
			};
			name = Release;
		};
/* End XCBuildConfiguration section */

/* Begin XCConfigurationList section */
		9B58129F244B7A9D00384E70 /* Build configuration list for PBXProject "ChaDaTarde" */ = {
			isa = XCConfigurationList;
			buildConfigurations = (
				9B5812CC244B7A9F00384E70 /* Debug */,
				9B5812CD244B7A9F00384E70 /* Release */,
			);
			defaultConfigurationIsVisible = 0;
			defaultConfigurationName = Release;
		};
		9B5812CE244B7A9F00384E70 /* Build configuration list for PBXNativeTarget "ChaDaTarde" */ = {
			isa = XCConfigurationList;
			buildConfigurations = (
				9B5812CF244B7A9F00384E70 /* Debug */,
				9B5812D0244B7A9F00384E70 /* Release */,
			);
			defaultConfigurationIsVisible = 0;
			defaultConfigurationName = Release;
		};
		9B5812D1244B7A9F00384E70 /* Build configuration list for PBXNativeTarget "ChaDaTardeTests" */ = {
			isa = XCConfigurationList;
			buildConfigurations = (
				9B5812D2244B7A9F00384E70 /* Debug */,
				9B5812D3244B7A9F00384E70 /* Release */,
			);
			defaultConfigurationIsVisible = 0;
			defaultConfigurationName = Release;
		};
		9B5812D4244B7A9F00384E70 /* Build configuration list for PBXNativeTarget "ChaDaTardeUITests" */ = {
			isa = XCConfigurationList;
			buildConfigurations = (
				9B5812D5244B7A9F00384E70 /* Debug */,
				9B5812D6244B7A9F00384E70 /* Release */,
			);
			defaultConfigurationIsVisible = 0;
			defaultConfigurationName = Release;
		};
/* End XCConfigurationList section */
	};
	rootObject = 9B58129C244B7A9D00384E70 /* Project object */;
}
